
Microsoft Visual Studio Solution File, Format Version 12.00
# Visual Studio Version 17
VisualStudioVersion = 17.2.32616.157
MinimumVisualStudioVersion = 10.0.40219.1
Project("{9A19103F-16F7-4668-BE54-9A1E7A4F7556}") = "CompanyEmployees", "CompanyEmployees\CompanyEmployees.csproj", "{B68D3493-A7DA-45BD-A8CA-DF99505CD62C}"
EndProject
Project("{9A19103F-16F7-4668-BE54-9A1E7A4F7556}") = "Contracts", "Contracts\Contracts.csproj", "{534F86F6-68B9-42BE-8D95-F1A8C4A8A12A}"
EndProject
Project("{9A19103F-16F7-4668-BE54-9A1E7A4F7556}") = "LoggerService", "LoggerService\LoggerService.csproj", "{38D92258-91CF-4051-ACD4-C6C62EA30DDE}"
EndProject
Project("{9A19103F-16F7-4668-BE54-9A1E7A4F7556}") = "Entities", "Entities\Entities.csproj", "{336E3241-6D4A-4277-A9B1-40598F261B26}"
EndProject
Project("{9A19103F-16F7-4668-BE54-9A1E7A4F7556}") = "Repository", "Repository\Repository.csproj", "{0C1327B2-2F66-4C04-8840-4681CE6CC9F7}"
EndProject
Project("{FAE04EC0-301F-11D3-BF4B-00C04F79EFBC}") = "Service.Contracts", "Service.Contracts\Service.Contracts.csproj", "{84BDD189-FC63-47E2-AB97-9610151FCA98}"
EndProject
Project("{FAE04EC0-301F-11D3-BF4B-00C04F79EFBC}") = "Service", "Service\Service.csproj", "{09BE3D70-3C68-45EE-B15C-D6740A22A6C2}"
EndProject
Project("{FAE04EC0-301F-11D3-BF4B-00C04F79EFBC}") = "CompanyEmployees.Presentation", "CompanyEmployees.Presentation\CompanyEmployees.Presentation.csproj", "{7D8D5696-62CA-4227-ABF0-7A628319322B}"
EndProject
Project("{FAE04EC0-301F-11D3-BF4B-00C04F79EFBC}") = "Shared", "DataTransferObjects\Shared.csproj", "{A6B1EFD5-F949-44A5-9ADC-9F3D47B3585F}"
EndProject
Global
	GlobalSection(SolutionConfigurationPlatforms) = preSolution
		Debug|Any CPU = Debug|Any CPU
		Release|Any CPU = Release|Any CPU
	EndGlobalSection
	GlobalSection(ProjectConfigurationPlatforms) = postSolution
		{B68D3493-A7DA-45BD-A8CA-DF99505CD62C}.Debug|Any CPU.ActiveCfg = Debug|Any CPU
		{B68D3493-A7DA-45BD-A8CA-DF99505CD62C}.Debug|Any CPU.Build.0 = Debug|Any CPU
		{B68D3493-A7DA-45BD-A8CA-DF99505CD62C}.Release|Any CPU.ActiveCfg = Release|Any CPU
		{B68D3493-A7DA-45BD-A8CA-DF99505CD62C}.Release|Any CPU.Build.0 = Release|Any CPU
		{534F86F6-68B9-42BE-8D95-F1A8C4A8A12A}.Debug|Any CPU.ActiveCfg = Debug|Any CPU
		{534F86F6-68B9-42BE-8D95-F1A8C4A8A12A}.Debug|Any CPU.Build.0 = Debug|Any CPU
		{534F86F6-68B9-42BE-8D95-F1A8C4A8A12A}.Release|Any CPU.ActiveCfg = Release|Any CPU
		{534F86F6-68B9-42BE-8D95-F1A8C4A8A12A}.Release|Any CPU.Build.0 = Release|Any CPU
		{38D92258-91CF-4051-ACD4-C6C62EA30DDE}.Debug|Any CPU.ActiveCfg = Debug|Any CPU
		{38D92258-91CF-4051-ACD4-C6C62EA30DDE}.Debug|Any CPU.Build.0 = Debug|Any CPU
		{38D92258-91CF-4051-ACD4-C6C62EA30DDE}.Release|Any CPU.ActiveCfg = Release|Any CPU
		{38D92258-91CF-4051-ACD4-C6C62EA30DDE}.Release|Any CPU.Build.0 = Release|Any CPU
		{336E3241-6D4A-4277-A9B1-40598F261B26}.Debug|Any CPU.ActiveCfg = Debug|Any CPU
		{336E3241-6D4A-4277-A9B1-40598F261B26}.Debug|Any CPU.Build.0 = Debug|Any CPU
		{336E3241-6D4A-4277-A9B1-40598F261B26}.Release|Any CPU.ActiveCfg = Release|Any CPU
		{336E3241-6D4A-4277-A9B1-40598F261B26}.Release|Any CPU.Build.0 = Release|Any CPU
		{0C1327B2-2F66-4C04-8840-4681CE6CC9F7}.Debug|Any CPU.ActiveCfg = Debug|Any CPU
		{0C1327B2-2F66-4C04-8840-4681CE6CC9F7}.Debug|Any CPU.Build.0 = Debug|Any CPU
		{0C1327B2-2F66-4C04-8840-4681CE6CC9F7}.Release|Any CPU.ActiveCfg = Release|Any CPU
		{0C1327B2-2F66-4C04-8840-4681CE6CC9F7}.Release|Any CPU.Build.0 = Release|Any CPU
		{84BDD189-FC63-47E2-AB97-9610151FCA98}.Debug|Any CPU.ActiveCfg = Debug|Any CPU
		{84BDD189-FC63-47E2-AB97-9610151FCA98}.Debug|Any CPU.Build.0 = Debug|Any CPU
		{84BDD189-FC63-47E2-AB97-9610151FCA98}.Release|Any CPU.ActiveCfg = Release|Any CPU
		{84BDD189-FC63-47E2-AB97-9610151FCA98}.Release|Any CPU.Build.0 = Release|Any CPU
		{09BE3D70-3C68-45EE-B15C-D6740A22A6C2}.Debug|Any CPU.ActiveCfg = Debug|Any CPU
		{09BE3D70-3C68-45EE-B15C-D6740A22A6C2}.Debug|Any CPU.Build.0 = Debug|Any CPU
		{09BE3D70-3C68-45EE-B15C-D6740A22A6C2}.Release|Any CPU.ActiveCfg = Release|Any CPU
		{09BE3D70-3C68-45EE-B15C-D6740A22A6C2}.Release|Any CPU.Build.0 = Release|Any CPU
		{7D8D5696-62CA-4227-ABF0-7A628319322B}.Debug|Any CPU.ActiveCfg = Debug|Any CPU
		{7D8D5696-62CA-4227-ABF0-7A628319322B}.Debug|Any CPU.Build.0 = Debug|Any CPU
		{7D8D5696-62CA-4227-ABF0-7A628319322B}.Release|Any CPU.ActiveCfg = Release|Any CPU
		{7D8D5696-62CA-4227-ABF0-7A628319322B}.Release|Any CPU.Build.0 = Release|Any CPU
		{A6B1EFD5-F949-44A5-9ADC-9F3D47B3585F}.Debug|Any CPU.ActiveCfg = Debug|Any CPU
		{A6B1EFD5-F949-44A5-9ADC-9F3D47B3585F}.Debug|Any CPU.Build.0 = Debug|Any CPU
		{A6B1EFD5-F949-44A5-9ADC-9F3D47B3585F}.Release|Any CPU.ActiveCfg = Release|Any CPU
		{A6B1EFD5-F949-44A5-9ADC-9F3D47B3585F}.Release|Any CPU.Build.0 = Release|Any CPU
	EndGlobalSection
	GlobalSection(SolutionProperties) = preSolution
		HideSolutionNode = FALSE
	EndGlobalSection
	GlobalSection(ExtensibilityGlobals) = postSolution
		SolutionGuid = {2455D99C-EE76-4F3A-9A5D-2FFE643B5DFD}
	EndGlobalSection
EndGlobal
